
Microsoft Visual Studio Solution File, Format Version 10.00
# Visual Studio 2008
Project("{FAE04EC0-301F-11D3-BF4B-00C04F79EFBC}") = "DemonClient", "DemonClient\DemonClient.csproj", "{03494F83-25EA-449F-8977-7B3E5A01E5C4}"
EndProject
Project("{FAE04EC0-301F-11D3-BF4B-00C04F79EFBC}") = "dAmn", "dAmn\dAmn.csproj", "{48A545BC-51D7-4423-8C83-7873FD1E6403}"
EndProject
Global
	GlobalSection(SolutionConfigurationPlatforms) = preSolution
		Debug|Any CPU = Debug|Any CPU
		Release|Any CPU = Release|Any CPU
	EndGlobalSection
	GlobalSection(ProjectConfigurationPlatforms) = postSolution
		{03494F83-25EA-449F-8977-7B3E5A01E5C4}.Debug|Any CPU.ActiveCfg = Debug|Any CPU
		{03494F83-25EA-449F-8977-7B3E5A01E5C4}.Debug|Any CPU.Build.0 = Debug|Any CPU
		{03494F83-25EA-449F-8977-7B3E5A01E5C4}.Release|Any CPU.ActiveCfg = Release|Any CPU
		{03494F83-25EA-449F-8977-7B3E5A01E5C4}.Release|Any CPU.Build.0 = Release|Any CPU
		{48A545BC-51D7-4423-8C83-7873FD1E6403}.Debug|Any CPU.ActiveCfg = Debug|Any CPU
		{48A545BC-51D7-4423-8C83-7873FD1E6403}.Debug|Any CPU.Build.0 = Debug|Any CPU
		{48A545BC-51D7-4423-8C83-7873FD1E6403}.Release|Any CPU.ActiveCfg = Release|Any CPU
		{48A545BC-51D7-4423-8C83-7873FD1E6403}.Release|Any CPU.Build.0 = Release|Any CPU
	EndGlobalSection
	GlobalSection(SolutionProperties) = preSolution
		HideSolutionNode = FALSE
	EndGlobalSection
EndGlobal
